// !$*UTF8*$!
{
	archiveVersion = 1;
	classes = {
	};
	objectVersion = 46;
	objects = {

/* Begin PBXBuildFile section */
		A8FBAD4715A4C6530069258B /* UIKit.framework in Frameworks */ = {isa = PBXBuildFile; fileRef = A8FBAD4615A4C6530069258B /* UIKit.framework */; };
		A8FBAD4915A4C6530069258B /* Foundation.framework in Frameworks */ = {isa = PBXBuildFile; fileRef = A8FBAD4815A4C6530069258B /* Foundation.framework */; };
		A8FBAD4B15A4C6530069258B /* CoreGraphics.framework in Frameworks */ = {isa = PBXBuildFile; fileRef = A8FBAD4A15A4C6530069258B /* CoreGraphics.framework */; };
		A8FBAD5115A4C6530069258B /* InfoPlist.strings in Resources */ = {isa = PBXBuildFile; fileRef = A8FBAD4F15A4C6530069258B /* InfoPlist.strings */; };
		A8FBAD5315A4C6530069258B /* main.m in Sources */ = {isa = PBXBuildFile; fileRef = A8FBAD5215A4C6530069258B /* main.m */; };
		A8FBAD5715A4C6530069258B /* HBSAppDelegate.m in Sources */ = {isa = PBXBuildFile; fileRef = A8FBAD5615A4C6530069258B /* HBSAppDelegate.m */; };
		A8FBAD5A15A4C6530069258B /* MainStoryboard.storyboard in Resources */ = {isa = PBXBuildFile; fileRef = A8FBAD5815A4C6530069258B /* MainStoryboard.storyboard */; };
		A8FBAD5D15A4C6530069258B /* HBSMasterViewController.m in Sources */ = {isa = PBXBuildFile; fileRef = A8FBAD5C15A4C6530069258B /* HBSMasterViewController.m */; };
		A8FBAD6015A4C6530069258B /* HBSDetailViewController.m in Sources */ = {isa = PBXBuildFile; fileRef = A8FBAD5F15A4C6530069258B /* HBSDetailViewController.m */; };
		A8FBAD6D15A4C97B0069258B /* seasons.plist in Resources */ = {isa = PBXBuildFile; fileRef = A8FBAD6C15A4C97B0069258B /* seasons.plist */; };
/* End PBXBuildFile section */

/* Begin PBXFileReference section */
		A8FBAD4215A4C6530069258B /* Season companion.app */ = {isa = PBXFileReference; explicitFileType = wrapper.application; includeInIndex = 0; path = "Season companion.app"; sourceTree = BUILT_PRODUCTS_DIR; };
		A8FBAD4615A4C6530069258B /* UIKit.framework */ = {isa = PBXFileReference; lastKnownFileType = wrapper.framework; name = UIKit.framework; path = System/Library/Frameworks/UIKit.framework; sourceTree = SDKROOT; };
		A8FBAD4815A4C6530069258B /* Foundation.framework */ = {isa = PBXFileReference; lastKnownFileType = wrapper.framework; name = Foundation.framework; path = System/Library/Frameworks/Foundation.framework; sourceTree = SDKROOT; };
		A8FBAD4A15A4C6530069258B /* CoreGraphics.framework */ = {isa = PBXFileReference; lastKnownFileType = wrapper.framework; name = CoreGraphics.framework; path = System/Library/Frameworks/CoreGraphics.framework; sourceTree = SDKROOT; };
		A8FBAD4E15A4C6530069258B /* Season companion-Info.plist */ = {isa = PBXFileReference; lastKnownFileType = text.plist.xml; path = "Season companion-Info.plist"; sourceTree = "<group>"; };
		A8FBAD5015A4C6530069258B /* en */ = {isa = PBXFileReference; lastKnownFileType = text.plist.strings; name = en; path = en.lproj/InfoPlist.strings; sourceTree = "<group>"; };
		A8FBAD5215A4C6530069258B /* main.m */ = {isa = PBXFileReference; lastKnownFileType = sourcecode.c.objc; path = main.m; sourceTree = "<group>"; };
		A8FBAD5415A4C6530069258B /* Season companion-Prefix.pch */ = {isa = PBXFileReference; lastKnownFileType = sourcecode.c.h; path = "Season companion-Prefix.pch"; sourceTree = "<group>"; };
		A8FBAD5515A4C6530069258B /* HBSAppDelegate.h */ = {isa = PBXFileReference; lastKnownFileType = sourcecode.c.h; path = HBSAppDelegate.h; sourceTree = "<group>"; };
		A8FBAD5615A4C6530069258B /* HBSAppDelegate.m */ = {isa = PBXFileReference; lastKnownFileType = sourcecode.c.objc; path = HBSAppDelegate.m; sourceTree = "<group>"; };
		A8FBAD5915A4C6530069258B /* en */ = {isa = PBXFileReference; lastKnownFileType = file.storyboard; name = en; path = en.lproj/MainStoryboard.storyboard; sourceTree = "<group>"; };
		A8FBAD5B15A4C6530069258B /* HBSMasterViewController.h */ = {isa = PBXFileReference; lastKnownFileType = sourcecode.c.h; path = HBSMasterViewController.h; sourceTree = "<group>"; };
		A8FBAD5C15A4C6530069258B /* HBSMasterViewController.m */ = {isa = PBXFileReference; lastKnownFileType = sourcecode.c.objc; path = HBSMasterViewController.m; sourceTree = "<group>"; };
		A8FBAD5E15A4C6530069258B /* HBSDetailViewController.h */ = {isa = PBXFileReference; lastKnownFileType = sourcecode.c.h; path = HBSDetailViewController.h; sourceTree = "<group>"; };
		A8FBAD5F15A4C6530069258B /* HBSDetailViewController.m */ = {isa = PBXFileReference; lastKnownFileType = sourcecode.c.objc; path = HBSDetailViewController.m; sourceTree = "<group>"; };
		A8FBAD6C15A4C97B0069258B /* seasons.plist */ = {isa = PBXFileReference; lastKnownFileType = text.plist; path = seasons.plist; sourceTree = "<group>"; };
/* End PBXFileReference section */

/* Begin PBXFrameworksBuildPhase section */
		A8FBAD3F15A4C6530069258B /* Frameworks */ = {
			isa = PBXFrameworksBuildPhase;
			buildActionMask = 2147483647;
			files = (
				A8FBAD4715A4C6530069258B /* UIKit.framework in Frameworks */,
				A8FBAD4915A4C6530069258B /* Foundation.framework in Frameworks */,
				A8FBAD4B15A4C6530069258B /* CoreGraphics.framework in Frameworks */,
			);
			runOnlyForDeploymentPostprocessing = 0;
		};
/* End PBXFrameworksBuildPhase section */

/* Begin PBXGroup section */
		A8FBAD3715A4C6530069258B = {
			isa = PBXGroup;
			children = (
				A8FBAD4C15A4C6530069258B /* Season companion */,
				A8FBAD4515A4C6530069258B /* Frameworks */,
				A8FBAD4315A4C6530069258B /* Products */,
			);
			sourceTree = "<group>";
		};
		A8FBAD4315A4C6530069258B /* Products */ = {
			isa = PBXGroup;
			children = (
				A8FBAD4215A4C6530069258B /* Season companion.app */,
			);
			name = Products;
			sourceTree = "<group>";
		};
		A8FBAD4515A4C6530069258B /* Frameworks */ = {
			isa = PBXGroup;
			children = (
				A8FBAD4615A4C6530069258B /* UIKit.framework */,
				A8FBAD4815A4C6530069258B /* Foundation.framework */,
				A8FBAD4A15A4C6530069258B /* CoreGraphics.framework */,
			);
			name = Frameworks;
			sourceTree = "<group>";
		};
		A8FBAD4C15A4C6530069258B /* Season companion */ = {
			isa = PBXGroup;
			children = (
				A8FBAD6C15A4C97B0069258B /* seasons.plist */,
				A8FBAD5515A4C6530069258B /* HBSAppDelegate.h */,
				A8FBAD5615A4C6530069258B /* HBSAppDelegate.m */,
				A8FBAD5815A4C6530069258B /* MainStoryboard.storyboard */,
				A8FBAD5B15A4C6530069258B /* HBSMasterViewController.h */,
				A8FBAD5C15A4C6530069258B /* HBSMasterViewController.m */,
				A8FBAD5E15A4C6530069258B /* HBSDetailViewController.h */,
				A8FBAD5F15A4C6530069258B /* HBSDetailViewController.m */,
				A8FBAD4D15A4C6530069258B /* Supporting Files */,
			);
			path = "Season companion";
			sourceTree = "<group>";
		};
		A8FBAD4D15A4C6530069258B /* Supporting Files */ = {
			isa = PBXGroup;
			children = (
				A8FBAD4E15A4C6530069258B /* Season companion-Info.plist */,
				A8FBAD4F15A4C6530069258B /* InfoPlist.strings */,
				A8FBAD5215A4C6530069258B /* main.m */,
				A8FBAD5415A4C6530069258B /* Season companion-Prefix.pch */,
			);
			name = "Supporting Files";
			sourceTree = "<group>";
		};
/* End PBXGroup section */

/* Begin PBXNativeTarget section */
		A8FBAD4115A4C6530069258B /* Season companion */ = {
			isa = PBXNativeTarget;
			buildConfigurationList = A8FBAD6315A4C6530069258B /* Build configuration list for PBXNativeTarget "Season companion" */;
			buildPhases = (
				A8FBAD3E15A4C6530069258B /* Sources */,
				A8FBAD3F15A4C6530069258B /* Frameworks */,
				A8FBAD4015A4C6530069258B /* Resources */,
			);
			buildRules = (
			);
			dependencies = (
			);
			name = "Season companion";
			productName = "Season companion";
			productReference = A8FBAD4215A4C6530069258B /* Season companion.app */;
			productType = "com.apple.product-type.application";
		};
/* End PBXNativeTarget section */

/* Begin PBXProject section */
		A8FBAD3915A4C6530069258B /* Project object */ = {
			isa = PBXProject;
			attributes = {
				CLASSPREFIX = HBS;
				LastUpgradeCheck = 0430;
			};
			buildConfigurationList = A8FBAD3C15A4C6530069258B /* Build configuration list for PBXProject "Season companion" */;
			compatibilityVersion = "Xcode 3.2";
			developmentRegion = English;
			hasScannedForEncodings = 0;
			knownRegions = (
				en,
			);
			mainGroup = A8FBAD3715A4C6530069258B;
			productRefGroup = A8FBAD4315A4C6530069258B /* Products */;
			projectDirPath = "";
			projectRoot = "";
			targets = (
				A8FBAD4115A4C6530069258B /* Season companion */,
			);
		};
/* End PBXProject section */

/* Begin PBXResourcesBuildPhase section */
		A8FBAD4015A4C6530069258B /* Resources */ = {
			isa = PBXResourcesBuildPhase;
			buildActionMask = 2147483647;
			files = (
				A8FBAD5115A4C6530069258B /* InfoPlist.strings in Resources */,
				A8FBAD5A15A4C6530069258B /* MainStoryboard.storyboard in Resources */,
				A8FBAD6D15A4C97B0069258B /* seasons.plist in Resources */,
			);
			runOnlyForDeploymentPostprocessing = 0;
		};
/* End PBXResourcesBuildPhase section */

/* Begin PBXSourcesBuildPhase section */
		A8FBAD3E15A4C6530069258B /* Sources */ = {
			isa = PBXSourcesBuildPhase;
			buildActionMask = 2147483647;
			files = (
				A8FBAD5315A4C6530069258B /* main.m in Sources */,
				A8FBAD5715A4C6530069258B /* HBSAppDelegate.m in Sources */,
				A8FBAD5D15A4C6530069258B /* HBSMasterViewController.m in Sources */,
				A8FBAD6015A4C6530069258B /* HBSDetailViewController.m in Sources */,
			);
			runOnlyForDeploymentPostprocessing = 0;
		};
/* End PBXSourcesBuildPhase section */

/* Begin PBXVariantGroup section */
		A8FBAD4F15A4C6530069258B /* InfoPlist.strings */ = {
			isa = PBXVariantGroup;
			children = (
				A8FBAD5015A4C6530069258B /* en */,
			);
			name = InfoPlist.strings;
			sourceTree = "<group>";
		};
		A8FBAD5815A4C6530069258B /* MainStoryboard.storyboard */ = {
			isa = PBXVariantGroup;
			children = (
				A8FBAD5915A4C6530069258B /* en */,
			);
			name = MainStoryboard.storyboard;
			sourceTree = "<group>";
		};
/* End PBXVariantGroup section */

/* Begin XCBuildConfiguration section */
		A8FBAD6115A4C6530069258B /* Debug */ = {
			isa = XCBuildConfiguration;
			buildSettings = {
				ALWAYS_SEARCH_USER_PATHS = NO;
				ARCHS = "$(ARCHS_STANDARD_32_BIT)";
				CLANG_ENABLE_OBJC_ARC = YES;
				"CODE_SIGN_IDENTITY[sdk=iphoneos*]" = "iPhone Developer";
				COPY_PHASE_STRIP = NO;
				GCC_C_LANGUAGE_STANDARD = gnu99;
				GCC_DYNAMIC_NO_PIC = NO;
				GCC_OPTIMIZATION_LEVEL = 0;
				GCC_PREPROCESSOR_DEFINITIONS = (
					"DEBUG=1",
					"$(inherited)",
				);
				GCC_SYMBOLS_PRIVATE_EXTERN = NO;
				GCC_VERSION = com.apple.compilers.llvm.clang.1_0;
				GCC_WARN_ABOUT_RETURN_TYPE = YES;
				GCC_WARN_UNINITIALIZED_AUTOS = YES;
				GCC_WARN_UNUSED_VARIABLE = YES;
				IPHONEOS_DEPLOYMENT_TARGET = 5.1;
				SDKROOT = iphoneos;
			};
			name = Debug;
		};
		A8FBAD6215A4C6530069258B /* Release */ = {
			isa = XCBuildConfiguration;
			buildSettings = {
				ALWAYS_SEARCH_USER_PATHS = NO;
				ARCHS = "$(ARCHS_STANDARD_32_BIT)";
				CLANG_ENABLE_OBJC_ARC = YES;
				"CODE_SIGN_IDENTITY[sdk=iphoneos*]" = "iPhone Developer";
				COPY_PHASE_STRIP = YES;
				GCC_C_LANGUAGE_STANDARD = gnu99;
				GCC_VERSION = com.apple.compilers.llvm.clang.1_0;
				GCC_WARN_ABOUT_RETURN_TYPE = YES;
				GCC_WARN_UNINITIALIZED_AUTOS = YES;
				GCC_WARN_UNUSED_VARIABLE = YES;
				IPHONEOS_DEPLOYMENT_TARGET = 5.1;
				OTHER_CFLAGS = "-DNS_BLOCK_ASSERTIONS=1";
				SDKROOT = iphoneos;
				VALIDATE_PRODUCT = YES;
			};
			name = Release;
		};
		A8FBAD6415A4C6530069258B /* Debug */ = {
			isa = XCBuildConfiguration;
			buildSettings = {
				GCC_PRECOMPILE_PREFIX_HEADER = YES;
				GCC_PREFIX_HEADER = "Season companion/Season companion-Prefix.pch";
				INFOPLIST_FILE = "Season companion/Season companion-Info.plist";
				PRODUCT_NAME = "$(TARGET_NAME)";
				WRAPPER_EXTENSION = app;
			};
			name = Debug;
		};
		A8FBAD6515A4C6530069258B /* Release */ = {
			isa = XCBuildConfiguration;
			buildSettings = {
				GCC_PRECOMPILE_PREFIX_HEADER = YES;
				GCC_PREFIX_HEADER = "Season companion/Season companion-Prefix.pch";
				INFOPLIST_FILE = "Season companion/Season companion-Info.plist";
				PRODUCT_NAME = "$(TARGET_NAME)";
				WRAPPER_EXTENSION = app;
			};
			name = Release;
		};
/* End XCBuildConfiguration section */

/* Begin XCConfigurationList section */
		A8FBAD3C15A4C6530069258B /* Build configuration list for PBXProject "Season companion" */ = {
			isa = XCConfigurationList;
			buildConfigurations = (
				A8FBAD6115A4C6530069258B /* Debug */,
				A8FBAD6215A4C6530069258B /* Release */,
			);
			defaultConfigurationIsVisible = 0;
			defaultConfigurationName = Release;
		};
		A8FBAD6315A4C6530069258B /* Build configuration list for PBXNativeTarget "Season companion" */ = {
			isa = XCConfigurationList;
			buildConfigurations = (
				A8FBAD6415A4C6530069258B /* Debug */,
				A8FBAD6515A4C6530069258B /* Release */,
			);
			defaultConfigurationIsVisible = 0;
		};
/* End XCConfigurationList section */
	};
	rootObject = A8FBAD3915A4C6530069258B /* Project object */;
}
